
Microsoft Visual Studio Solution File, Format Version 12.00
# Visual Studio 2012
Project("{FAE04EC0-301F-11D3-BF4B-00C04F79EFBC}") = "TaskOne", "TaskOne\TaskOne.csproj", "{89D94DAA-792A-472C-896B-013869F0424B}"
EndProject
Project("{FAE04EC0-301F-11D3-BF4B-00C04F79EFBC}") = "TaskTwo", "TaskTwo\TaskTwo.csproj", "{EB7DB1EF-140C-4D73-B539-B5CADD9A0801}"
EndProject
Project("{FAE04EC0-301F-11D3-BF4B-00C04F79EFBC}") = "TaskThree", "TaskThree\TaskThree.csproj", "{87803942-8907-4EE7-879F-F6870C32551A}"
EndProject
Global
	GlobalSection(SolutionConfigurationPlatforms) = preSolution
		Debug|Any CPU = Debug|Any CPU
		Release|Any CPU = Release|Any CPU
	EndGlobalSection
	GlobalSection(ProjectConfigurationPlatforms) = postSolution
		{89D94DAA-792A-472C-896B-013869F0424B}.Debug|Any CPU.ActiveCfg = Debug|Any CPU
		{89D94DAA-792A-472C-896B-013869F0424B}.Debug|Any CPU.Build.0 = Debug|Any CPU
		{89D94DAA-792A-472C-896B-013869F0424B}.Release|Any CPU.ActiveCfg = Release|Any CPU
		{89D94DAA-792A-472C-896B-013869F0424B}.Release|Any CPU.Build.0 = Release|Any CPU
		{EB7DB1EF-140C-4D73-B539-B5CADD9A0801}.Debug|Any CPU.ActiveCfg = Debug|Any CPU
		{EB7DB1EF-140C-4D73-B539-B5CADD9A0801}.Debug|Any CPU.Build.0 = Debug|Any CPU
		{EB7DB1EF-140C-4D73-B539-B5CADD9A0801}.Release|Any CPU.ActiveCfg = Release|Any CPU
		{EB7DB1EF-140C-4D73-B539-B5CADD9A0801}.Release|Any CPU.Build.0 = Release|Any CPU
		{87803942-8907-4EE7-879F-F6870C32551A}.Debug|Any CPU.ActiveCfg = Debug|Any CPU
		{87803942-8907-4EE7-879F-F6870C32551A}.Debug|Any CPU.Build.0 = Debug|Any CPU
		{87803942-8907-4EE7-879F-F6870C32551A}.Release|Any CPU.ActiveCfg = Release|Any CPU
		{87803942-8907-4EE7-879F-F6870C32551A}.Release|Any CPU.Build.0 = Release|Any CPU
	EndGlobalSection
	GlobalSection(SolutionProperties) = preSolution
		HideSolutionNode = FALSE
	EndGlobalSection
EndGlobal
